// !$*UTF8*$!
{
	archiveVersion = 1;
	classes = {
	};
	objectVersion = 56;
	objects = {

/* Begin PBXBuildFile section */
		A521CEDD2A812AFD003399A0 /* AnyActionHandler.swift in Sources */ = {isa = PBXBuildFile; fileRef = A521CEDC2A812AFD003399A0 /* AnyActionHandler.swift */; };
		A521CEE02A813018003399A0 /* MainCoordinator.swift in Sources */ = {isa = PBXBuildFile; fileRef = A521CEDF2A813018003399A0 /* MainCoordinator.swift */; };
		A5EC82502A80EF660076D702 /* AppDelegate.swift in Sources */ = {isa = PBXBuildFile; fileRef = A5EC824F2A80EF660076D702 /* AppDelegate.swift */; };
		A5EC82522A80EF660076D702 /* SceneDelegate.swift in Sources */ = {isa = PBXBuildFile; fileRef = A5EC82512A80EF660076D702 /* SceneDelegate.swift */; };
		A5EC82542A80EF660076D702 /* ViewController.swift in Sources */ = {isa = PBXBuildFile; fileRef = A5EC82532A80EF660076D702 /* ViewController.swift */; };
		A5EC82572A80EF660076D702 /* Main.storyboard in Resources */ = {isa = PBXBuildFile; fileRef = A5EC82552A80EF660076D702 /* Main.storyboard */; };
		A5EC82592A80EF670076D702 /* Assets.xcassets in Resources */ = {isa = PBXBuildFile; fileRef = A5EC82582A80EF670076D702 /* Assets.xcassets */; };
		A5EC825C2A80EF670076D702 /* LaunchScreen.storyboard in Resources */ = {isa = PBXBuildFile; fileRef = A5EC825A2A80EF670076D702 /* LaunchScreen.storyboard */; };
		A5EC82652A80EF8C0076D702 /* AppCoordinator.swift in Sources */ = {isa = PBXBuildFile; fileRef = A5EC82642A80EF8C0076D702 /* AppCoordinator.swift */; };
		A5EC82672A80EF9F0076D702 /* TabCoordinator.swift in Sources */ = {isa = PBXBuildFile; fileRef = A5EC82662A80EF9F0076D702 /* TabCoordinator.swift */; };
		A5EC82692A80EFAF0076D702 /* ProductCoordinator.swift in Sources */ = {isa = PBXBuildFile; fileRef = A5EC82682A80EFAF0076D702 /* ProductCoordinator.swift */; };
		A5EC826C2A80EFD20076D702 /* MainContainerAction.swift in Sources */ = {isa = PBXBuildFile; fileRef = A5EC826B2A80EFD20076D702 /* MainContainerAction.swift */; };
		A5EC826E2A80EFEF0076D702 /* TabAction.swift in Sources */ = {isa = PBXBuildFile; fileRef = A5EC826D2A80EFEF0076D702 /* TabAction.swift */; };
		A5EC82702A80F0CD0076D702 /* ServiceAction.swift in Sources */ = {isa = PBXBuildFile; fileRef = A5EC826F2A80F0CD0076D702 /* ServiceAction.swift */; };
		A5EC82732A80F1440076D702 /* ActionHandlerProtocol.swift in Sources */ = {isa = PBXBuildFile; fileRef = A5EC82722A80F1440076D702 /* ActionHandlerProtocol.swift */; };
		A5EC82752A80F2480076D702 /* ServiceCoordinator.swift in Sources */ = {isa = PBXBuildFile; fileRef = A5EC82742A80F2480076D702 /* ServiceCoordinator.swift */; };
		A5EC82782A80F34A0076D702 /* BaseCoordinator.swift in Sources */ = {isa = PBXBuildFile; fileRef = A5EC82772A80F34A0076D702 /* BaseCoordinator.swift */; };
		A5EC827A2A80F35E0076D702 /* Coordinator.swift in Sources */ = {isa = PBXBuildFile; fileRef = A5EC82792A80F35E0076D702 /* Coordinator.swift */; };
		A5EC827D2A80F4870076D702 /* TabOutputRoutes.swift in Sources */ = {isa = PBXBuildFile; fileRef = A5EC827C2A80F4870076D702 /* TabOutputRoutes.swift */; };
		A5EC827F2A80F58D0076D702 /* ActionSenderProtocol.swift in Sources */ = {isa = PBXBuildFile; fileRef = A5EC827E2A80F58D0076D702 /* ActionSenderProtocol.swift */; };
		A5EC82822A80F60E0076D702 /* Action.swift in Sources */ = {isa = PBXBuildFile; fileRef = A5EC82812A80F60E0076D702 /* Action.swift */; };
/* End PBXBuildFile section */

/* Begin PBXFileReference section */
		A521CEDC2A812AFD003399A0 /* AnyActionHandler.swift */ = {isa = PBXFileReference; lastKnownFileType = sourcecode.swift; path = AnyActionHandler.swift; sourceTree = "<group>"; };
		A521CEDF2A813018003399A0 /* MainCoordinator.swift */ = {isa = PBXFileReference; lastKnownFileType = sourcecode.swift; path = MainCoordinator.swift; sourceTree = "<group>"; };
		A5EC824C2A80EF660076D702 /* ActionsTest.app */ = {isa = PBXFileReference; explicitFileType = wrapper.application; includeInIndex = 0; path = ActionsTest.app; sourceTree = BUILT_PRODUCTS_DIR; };
		A5EC824F2A80EF660076D702 /* AppDelegate.swift */ = {isa = PBXFileReference; lastKnownFileType = sourcecode.swift; path = AppDelegate.swift; sourceTree = "<group>"; };
		A5EC82512A80EF660076D702 /* SceneDelegate.swift */ = {isa = PBXFileReference; lastKnownFileType = sourcecode.swift; path = SceneDelegate.swift; sourceTree = "<group>"; };
		A5EC82532A80EF660076D702 /* ViewController.swift */ = {isa = PBXFileReference; lastKnownFileType = sourcecode.swift; path = ViewController.swift; sourceTree = "<group>"; };
		A5EC82562A80EF660076D702 /* Base */ = {isa = PBXFileReference; lastKnownFileType = file.storyboard; name = Base; path = Base.lproj/Main.storyboard; sourceTree = "<group>"; };
		A5EC82582A80EF670076D702 /* Assets.xcassets */ = {isa = PBXFileReference; lastKnownFileType = folder.assetcatalog; path = Assets.xcassets; sourceTree = "<group>"; };
		A5EC825B2A80EF670076D702 /* Base */ = {isa = PBXFileReference; lastKnownFileType = file.storyboard; name = Base; path = Base.lproj/LaunchScreen.storyboard; sourceTree = "<group>"; };
		A5EC825D2A80EF670076D702 /* Info.plist */ = {isa = PBXFileReference; lastKnownFileType = text.plist.xml; path = Info.plist; sourceTree = "<group>"; };
		A5EC82642A80EF8C0076D702 /* AppCoordinator.swift */ = {isa = PBXFileReference; lastKnownFileType = sourcecode.swift; path = AppCoordinator.swift; sourceTree = "<group>"; };
		A5EC82662A80EF9F0076D702 /* TabCoordinator.swift */ = {isa = PBXFileReference; lastKnownFileType = sourcecode.swift; path = TabCoordinator.swift; sourceTree = "<group>"; };
		A5EC82682A80EFAF0076D702 /* ProductCoordinator.swift */ = {isa = PBXFileReference; lastKnownFileType = sourcecode.swift; path = ProductCoordinator.swift; sourceTree = "<group>"; };
		A5EC826B2A80EFD20076D702 /* MainContainerAction.swift */ = {isa = PBXFileReference; lastKnownFileType = sourcecode.swift; path = MainContainerAction.swift; sourceTree = "<group>"; };
		A5EC826D2A80EFEF0076D702 /* TabAction.swift */ = {isa = PBXFileReference; lastKnownFileType = sourcecode.swift; path = TabAction.swift; sourceTree = "<group>"; };
		A5EC826F2A80F0CD0076D702 /* ServiceAction.swift */ = {isa = PBXFileReference; lastKnownFileType = sourcecode.swift; path = ServiceAction.swift; sourceTree = "<group>"; };
		A5EC82722A80F1440076D702 /* ActionHandlerProtocol.swift */ = {isa = PBXFileReference; lastKnownFileType = sourcecode.swift; path = ActionHandlerProtocol.swift; sourceTree = "<group>"; };
		A5EC82742A80F2480076D702 /* ServiceCoordinator.swift */ = {isa = PBXFileReference; lastKnownFileType = sourcecode.swift; path = ServiceCoordinator.swift; sourceTree = "<group>"; };
		A5EC82772A80F34A0076D702 /* BaseCoordinator.swift */ = {isa = PBXFileReference; lastKnownFileType = sourcecode.swift; path = BaseCoordinator.swift; sourceTree = "<group>"; };
		A5EC82792A80F35E0076D702 /* Coordinator.swift */ = {isa = PBXFileReference; lastKnownFileType = sourcecode.swift; path = Coordinator.swift; sourceTree = "<group>"; };
		A5EC827C2A80F4870076D702 /* TabOutputRoutes.swift */ = {isa = PBXFileReference; lastKnownFileType = sourcecode.swift; path = TabOutputRoutes.swift; sourceTree = "<group>"; };
		A5EC827E2A80F58D0076D702 /* ActionSenderProtocol.swift */ = {isa = PBXFileReference; lastKnownFileType = sourcecode.swift; path = ActionSenderProtocol.swift; sourceTree = "<group>"; };
		A5EC82812A80F60E0076D702 /* Action.swift */ = {isa = PBXFileReference; lastKnownFileType = sourcecode.swift; path = Action.swift; sourceTree = "<group>"; };
/* End PBXFileReference section */

/* Begin PBXFrameworksBuildPhase section */
		A5EC82492A80EF660076D702 /* Frameworks */ = {
			isa = PBXFrameworksBuildPhase;
			buildActionMask = 2147483647;
			files = (
			);
			runOnlyForDeploymentPostprocessing = 0;
		};
/* End PBXFrameworksBuildPhase section */

/* Begin PBXGroup section */
		A521CEDE2A813006003399A0 /* Main */ = {
			isa = PBXGroup;
			children = (
				A521CEDF2A813018003399A0 /* MainCoordinator.swift */,
			);
			path = Main;
			sourceTree = "<group>";
		};
		A5EC82432A80EF660076D702 = {
			isa = PBXGroup;
			children = (
				A5EC824E2A80EF660076D702 /* ActionsTest */,
				A5EC824D2A80EF660076D702 /* Products */,
			);
			sourceTree = "<group>";
		};
		A5EC824D2A80EF660076D702 /* Products */ = {
			isa = PBXGroup;
			children = (
				A5EC824C2A80EF660076D702 /* ActionsTest.app */,
			);
			name = Products;
			sourceTree = "<group>";
		};
		A5EC824E2A80EF660076D702 /* ActionsTest */ = {
			isa = PBXGroup;
			children = (
				A5EC824F2A80EF660076D702 /* AppDelegate.swift */,
				A5EC82512A80EF660076D702 /* SceneDelegate.swift */,
				A5EC82532A80EF660076D702 /* ViewController.swift */,
				A5EC82552A80EF660076D702 /* Main.storyboard */,
				A5EC82582A80EF670076D702 /* Assets.xcassets */,
				A5EC825A2A80EF670076D702 /* LaunchScreen.storyboard */,
				A5EC825D2A80EF670076D702 /* Info.plist */,
				A5EC82632A80EF7E0076D702 /* Test */,
			);
			path = ActionsTest;
			sourceTree = "<group>";
		};
		A5EC82632A80EF7E0076D702 /* Test */ = {
			isa = PBXGroup;
			children = (
				A5EC82832A80F6530076D702 /* Coordinators */,
				A5EC82762A80F3280076D702 /* Base */,
			);
			path = Test;
			sourceTree = "<group>";
		};
		A5EC826A2A80EFC30076D702 /* Action */ = {
			isa = PBXGroup;
			children = (
				A5EC826B2A80EFD20076D702 /* MainContainerAction.swift */,
				A5EC826D2A80EFEF0076D702 /* TabAction.swift */,
				A5EC826F2A80F0CD0076D702 /* ServiceAction.swift */,
				A5EC82812A80F60E0076D702 /* Action.swift */,
			);
			path = Action;
			sourceTree = "<group>";
		};
		A5EC82712A80F1060076D702 /* ActionHandler */ = {
			isa = PBXGroup;
			children = (
				A5EC826A2A80EFC30076D702 /* Action */,
				A5EC82722A80F1440076D702 /* ActionHandlerProtocol.swift */,
				A521CEDC2A812AFD003399A0 /* AnyActionHandler.swift */,
			);
			path = ActionHandler;
			sourceTree = "<group>";
		};
		A5EC82762A80F3280076D702 /* Base */ = {
			isa = PBXGroup;
			children = (
				A5EC82872A80F88D0076D702 /* Coordinator */,
				A5EC82802A80F58F0076D702 /* ActionSender */,
				A5EC82712A80F1060076D702 /* ActionHandler */,
			);
			path = Base;
			sourceTree = "<group>";
		};
		A5EC82802A80F58F0076D702 /* ActionSender */ = {
			isa = PBXGroup;
			children = (
				A5EC827E2A80F58D0076D702 /* ActionSenderProtocol.swift */,
			);
			path = ActionSender;
			sourceTree = "<group>";
		};
		A5EC82832A80F6530076D702 /* Coordinators */ = {
			isa = PBXGroup;
			children = (
				A5EC82642A80EF8C0076D702 /* AppCoordinator.swift */,
				A521CEDE2A813006003399A0 /* Main */,
				A5EC82862A80F6760076D702 /* Product */,
				A5EC82852A80F6720076D702 /* Service */,
				A5EC82842A80F6620076D702 /* Tab */,
			);
			path = Coordinators;
			sourceTree = "<group>";
		};
		A5EC82842A80F6620076D702 /* Tab */ = {
			isa = PBXGroup;
			children = (
				A5EC82662A80EF9F0076D702 /* TabCoordinator.swift */,
				A5EC827C2A80F4870076D702 /* TabOutputRoutes.swift */,
			);
			path = Tab;
			sourceTree = "<group>";
		};
		A5EC82852A80F6720076D702 /* Service */ = {
			isa = PBXGroup;
			children = (
				A5EC82742A80F2480076D702 /* ServiceCoordinator.swift */,
			);
			path = Service;
			sourceTree = "<group>";
		};
		A5EC82862A80F6760076D702 /* Product */ = {
			isa = PBXGroup;
			children = (
				A5EC82682A80EFAF0076D702 /* ProductCoordinator.swift */,
			);
			path = Product;
			sourceTree = "<group>";
		};
		A5EC82872A80F88D0076D702 /* Coordinator */ = {
			isa = PBXGroup;
			children = (
				A5EC82792A80F35E0076D702 /* Coordinator.swift */,
				A5EC82772A80F34A0076D702 /* BaseCoordinator.swift */,
			);
			path = Coordinator;
			sourceTree = "<group>";
		};
/* End PBXGroup section */

/* Begin PBXNativeTarget section */
		A5EC824B2A80EF660076D702 /* ActionsTest */ = {
			isa = PBXNativeTarget;
			buildConfigurationList = A5EC82602A80EF670076D702 /* Build configuration list for PBXNativeTarget "ActionsTest" */;
			buildPhases = (
				A5EC82482A80EF660076D702 /* Sources */,
				A5EC82492A80EF660076D702 /* Frameworks */,
				A5EC824A2A80EF660076D702 /* Resources */,
			);
			buildRules = (
			);
			dependencies = (
			);
			name = ActionsTest;
			productName = ActionsTest;
			productReference = A5EC824C2A80EF660076D702 /* ActionsTest.app */;
			productType = "com.apple.product-type.application";
		};
/* End PBXNativeTarget section */

/* Begin PBXProject section */
		A5EC82442A80EF660076D702 /* Project object */ = {
			isa = PBXProject;
			attributes = {
				BuildIndependentTargetsInParallel = 1;
				LastSwiftUpdateCheck = 1430;
				LastUpgradeCheck = 1430;
				TargetAttributes = {
					A5EC824B2A80EF660076D702 = {
						CreatedOnToolsVersion = 14.3;
					};
				};
			};
			buildConfigurationList = A5EC82472A80EF660076D702 /* Build configuration list for PBXProject "ActionsTest" */;
			compatibilityVersion = "Xcode 14.0";
			developmentRegion = en;
			hasScannedForEncodings = 0;
			knownRegions = (
				en,
				Base,
			);
			mainGroup = A5EC82432A80EF660076D702;
			productRefGroup = A5EC824D2A80EF660076D702 /* Products */;
			projectDirPath = "";
			projectRoot = "";
			targets = (
				A5EC824B2A80EF660076D702 /* ActionsTest */,
			);
		};
/* End PBXProject section */

/* Begin PBXResourcesBuildPhase section */
		A5EC824A2A80EF660076D702 /* Resources */ = {
			isa = PBXResourcesBuildPhase;
			buildActionMask = 2147483647;
			files = (
				A5EC825C2A80EF670076D702 /* LaunchScreen.storyboard in Resources */,
				A5EC82592A80EF670076D702 /* Assets.xcassets in Resources */,
				A5EC82572A80EF660076D702 /* Main.storyboard in Resources */,
			);
			runOnlyForDeploymentPostprocessing = 0;
		};
/* End PBXResourcesBuildPhase section */

/* Begin PBXSourcesBuildPhase section */
		A5EC82482A80EF660076D702 /* Sources */ = {
			isa = PBXSourcesBuildPhase;
			buildActionMask = 2147483647;
			files = (
				A521CEDD2A812AFD003399A0 /* AnyActionHandler.swift in Sources */,
				A5EC82752A80F2480076D702 /* ServiceCoordinator.swift in Sources */,
				A5EC82672A80EF9F0076D702 /* TabCoordinator.swift in Sources */,
				A5EC827A2A80F35E0076D702 /* Coordinator.swift in Sources */,
				A5EC82652A80EF8C0076D702 /* AppCoordinator.swift in Sources */,
				A5EC82702A80F0CD0076D702 /* ServiceAction.swift in Sources */,
				A5EC82822A80F60E0076D702 /* Action.swift in Sources */,
				A521CEE02A813018003399A0 /* MainCoordinator.swift in Sources */,
				A5EC82692A80EFAF0076D702 /* ProductCoordinator.swift in Sources */,
				A5EC82732A80F1440076D702 /* ActionHandlerProtocol.swift in Sources */,
				A5EC82542A80EF660076D702 /* ViewController.swift in Sources */,
				A5EC827D2A80F4870076D702 /* TabOutputRoutes.swift in Sources */,
				A5EC82782A80F34A0076D702 /* BaseCoordinator.swift in Sources */,
				A5EC827F2A80F58D0076D702 /* ActionSenderProtocol.swift in Sources */,
				A5EC826C2A80EFD20076D702 /* MainContainerAction.swift in Sources */,
				A5EC82502A80EF660076D702 /* AppDelegate.swift in Sources */,
				A5EC82522A80EF660076D702 /* SceneDelegate.swift in Sources */,
				A5EC826E2A80EFEF0076D702 /* TabAction.swift in Sources */,
			);
			runOnlyForDeploymentPostprocessing = 0;
		};
/* End PBXSourcesBuildPhase section */

/* Begin PBXVariantGroup section */
		A5EC82552A80EF660076D702 /* Main.storyboard */ = {
			isa = PBXVariantGroup;
			children = (
				A5EC82562A80EF660076D702 /* Base */,
			);
			name = Main.storyboard;
			sourceTree = "<group>";
		};
		A5EC825A2A80EF670076D702 /* LaunchScreen.storyboard */ = {
			isa = PBXVariantGroup;
			children = (
				A5EC825B2A80EF670076D702 /* Base */,
			);
			name = LaunchScreen.storyboard;
			sourceTree = "<group>";
		};
/* End PBXVariantGroup section */

/* Begin XCBuildConfiguration section */
		A5EC825E2A80EF670076D702 /* Debug */ = {
			isa = XCBuildConfiguration;
			buildSettings = {
				ALWAYS_SEARCH_USER_PATHS = NO;
				CLANG_ANALYZER_NONNULL = YES;
				CLANG_ANALYZER_NUMBER_OBJECT_CONVERSION = YES_AGGRESSIVE;
				CLANG_CXX_LANGUAGE_STANDARD = "gnu++20";
				CLANG_ENABLE_MODULES = YES;
				CLANG_ENABLE_OBJC_ARC = YES;
				CLANG_ENABLE_OBJC_WEAK = YES;
				CLANG_WARN_BLOCK_CAPTURE_AUTORELEASING = YES;
				CLANG_WARN_BOOL_CONVERSION = YES;
				CLANG_WARN_COMMA = YES;
				CLANG_WARN_CONSTANT_CONVERSION = YES;
				CLANG_WARN_DEPRECATED_OBJC_IMPLEMENTATIONS = YES;
				CLANG_WARN_DIRECT_OBJC_ISA_USAGE = YES_ERROR;
				CLANG_WARN_DOCUMENTATION_COMMENTS = YES;
				CLANG_WARN_EMPTY_BODY = YES;
				CLANG_WARN_ENUM_CONVERSION = YES;
				CLANG_WARN_INFINITE_RECURSION = YES;
				CLANG_WARN_INT_CONVERSION = YES;
				CLANG_WARN_NON_LITERAL_NULL_CONVERSION = YES;
				CLANG_WARN_OBJC_IMPLICIT_RETAIN_SELF = YES;
				CLANG_WARN_OBJC_LITERAL_CONVERSION = YES;
				CLANG_WARN_OBJC_ROOT_CLASS = YES_ERROR;
				CLANG_WARN_QUOTED_INCLUDE_IN_FRAMEWORK_HEADER = YES;
				CLANG_WARN_RANGE_LOOP_ANALYSIS = YES;
				CLANG_WARN_STRICT_PROTOTYPES = YES;
				CLANG_WARN_SUSPICIOUS_MOVE = YES;
				CLANG_WARN_UNGUARDED_AVAILABILITY = YES_AGGRESSIVE;
				CLANG_WARN_UNREACHABLE_CODE = YES;
				CLANG_WARN__DUPLICATE_METHOD_MATCH = YES;
				COPY_PHASE_STRIP = NO;
				DEBUG_INFORMATION_FORMAT = dwarf;
				ENABLE_STRICT_OBJC_MSGSEND = YES;
				ENABLE_TESTABILITY = YES;
				GCC_C_LANGUAGE_STANDARD = gnu11;
				GCC_DYNAMIC_NO_PIC = NO;
				GCC_NO_COMMON_BLOCKS = YES;
				GCC_OPTIMIZATION_LEVEL = 0;
				GCC_PREPROCESSOR_DEFINITIONS = (
					"DEBUG=1",
					"$(inherited)",
				);
				GCC_WARN_64_TO_32_BIT_CONVERSION = YES;
				GCC_WARN_ABOUT_RETURN_TYPE = YES_ERROR;
				GCC_WARN_UNDECLARED_SELECTOR = YES;
				GCC_WARN_UNINITIALIZED_AUTOS = YES_AGGRESSIVE;
				GCC_WARN_UNUSED_FUNCTION = YES;
				GCC_WARN_UNUSED_VARIABLE = YES;
				IPHONEOS_DEPLOYMENT_TARGET = 16.4;
				MTL_ENABLE_DEBUG_INFO = INCLUDE_SOURCE;
				MTL_FAST_MATH = YES;
				ONLY_ACTIVE_ARCH = YES;
				SDKROOT = iphoneos;
				SWIFT_ACTIVE_COMPILATION_CONDITIONS = DEBUG;
				SWIFT_OPTIMIZATION_LEVEL = "-Onone";
			};
			name = Debug;
		};
		A5EC825F2A80EF670076D702 /* Release */ = {
			isa = XCBuildConfiguration;
			buildSettings = {
				ALWAYS_SEARCH_USER_PATHS = NO;
				CLANG_ANALYZER_NONNULL = YES;
				CLANG_ANALYZER_NUMBER_OBJECT_CONVERSION = YES_AGGRESSIVE;
				CLANG_CXX_LANGUAGE_STANDARD = "gnu++20";
				CLANG_ENABLE_MODULES = YES;
				CLANG_ENABLE_OBJC_ARC = YES;
				CLANG_ENABLE_OBJC_WEAK = YES;
				CLANG_WARN_BLOCK_CAPTURE_AUTORELEASING = YES;
				CLANG_WARN_BOOL_CONVERSION = YES;
				CLANG_WARN_COMMA = YES;
				CLANG_WARN_CONSTANT_CONVERSION = YES;
				CLANG_WARN_DEPRECATED_OBJC_IMPLEMENTATIONS = YES;
				CLANG_WARN_DIRECT_OBJC_ISA_USAGE = YES_ERROR;
				CLANG_WARN_DOCUMENTATION_COMMENTS = YES;
				CLANG_WARN_EMPTY_BODY = YES;
				CLANG_WARN_ENUM_CONVERSION = YES;
				CLANG_WARN_INFINITE_RECURSION = YES;
				CLANG_WARN_INT_CONVERSION = YES;
				CLANG_WARN_NON_LITERAL_NULL_CONVERSION = YES;
				CLANG_WARN_OBJC_IMPLICIT_RETAIN_SELF = YES;
				CLANG_WARN_OBJC_LITERAL_CONVERSION = YES;
				CLANG_WARN_OBJC_ROOT_CLASS = YES_ERROR;
				CLANG_WARN_QUOTED_INCLUDE_IN_FRAMEWORK_HEADER = YES;
				CLANG_WARN_RANGE_LOOP_ANALYSIS = YES;
				CLANG_WARN_STRICT_PROTOTYPES = YES;
				CLANG_WARN_SUSPICIOUS_MOVE = YES;
				CLANG_WARN_UNGUARDED_AVAILABILITY = YES_AGGRESSIVE;
				CLANG_WARN_UNREACHABLE_CODE = YES;
				CLANG_WARN__DUPLICATE_METHOD_MATCH = YES;
				COPY_PHASE_STRIP = NO;
				DEBUG_INFORMATION_FORMAT = "dwarf-with-dsym";
				ENABLE_NS_ASSERTIONS = NO;
				ENABLE_STRICT_OBJC_MSGSEND = YES;
				GCC_C_LANGUAGE_STANDARD = gnu11;
				GCC_NO_COMMON_BLOCKS = YES;
				GCC_WARN_64_TO_32_BIT_CONVERSION = YES;
				GCC_WARN_ABOUT_RETURN_TYPE = YES_ERROR;
				GCC_WARN_UNDECLARED_SELECTOR = YES;
				GCC_WARN_UNINITIALIZED_AUTOS = YES_AGGRESSIVE;
				GCC_WARN_UNUSED_FUNCTION = YES;
				GCC_WARN_UNUSED_VARIABLE = YES;
				IPHONEOS_DEPLOYMENT_TARGET = 16.4;
				MTL_ENABLE_DEBUG_INFO = NO;
				MTL_FAST_MATH = YES;
				SDKROOT = iphoneos;
				SWIFT_COMPILATION_MODE = wholemodule;
				SWIFT_OPTIMIZATION_LEVEL = "-O";
				VALIDATE_PRODUCT = YES;
			};
			name = Release;
		};
		A5EC82612A80EF670076D702 /* Debug */ = {
			isa = XCBuildConfiguration;
			buildSettings = {
				ASSETCATALOG_COMPILER_APPICON_NAME = AppIcon;
				ASSETCATALOG_COMPILER_GLOBAL_ACCENT_COLOR_NAME = AccentColor;
				CODE_SIGN_STYLE = Automatic;
				CURRENT_PROJECT_VERSION = 1;
				DEVELOPMENT_TEAM = D4683TY4C3;
				GENERATE_INFOPLIST_FILE = YES;
				INFOPLIST_FILE = ActionsTest/Info.plist;
				INFOPLIST_KEY_UIApplicationSupportsIndirectInputEvents = YES;
				INFOPLIST_KEY_UILaunchStoryboardName = LaunchScreen;
				INFOPLIST_KEY_UIMainStoryboardFile = Main;
				INFOPLIST_KEY_UISupportedInterfaceOrientations_iPad = "UIInterfaceOrientationPortrait UIInterfaceOrientationPortraitUpsideDown UIInterfaceOrientationLandscapeLeft UIInterfaceOrientationLandscapeRight";
				INFOPLIST_KEY_UISupportedInterfaceOrientations_iPhone = "UIInterfaceOrientationPortrait UIInterfaceOrientationLandscapeLeft UIInterfaceOrientationLandscapeRight";
				LD_RUNPATH_SEARCH_PATHS = (
					"$(inherited)",
					"@executable_path/Frameworks",
				);
				MARKETING_VERSION = 1.0;
				PRODUCT_BUNDLE_IDENTIFIER = dfgvhbjnkml.ActionsTest;
				PRODUCT_NAME = "$(TARGET_NAME)";
				SWIFT_EMIT_LOC_STRINGS = YES;
				SWIFT_VERSION = 5.0;
				TARGETED_DEVICE_FAMILY = "1,2";
			};
			name = Debug;
		};
		A5EC82622A80EF670076D702 /* Release */ = {
			isa = XCBuildConfiguration;
			buildSettings = {
				ASSETCATALOG_COMPILER_APPICON_NAME = AppIcon;
				ASSETCATALOG_COMPILER_GLOBAL_ACCENT_COLOR_NAME = AccentColor;
				CODE_SIGN_STYLE = Automatic;
				CURRENT_PROJECT_VERSION = 1;
				DEVELOPMENT_TEAM = D4683TY4C3;
				GENERATE_INFOPLIST_FILE = YES;
				INFOPLIST_FILE = ActionsTest/Info.plist;
				INFOPLIST_KEY_UIApplicationSupportsIndirectInputEvents = YES;
				INFOPLIST_KEY_UILaunchStoryboardName = LaunchScreen;
				INFOPLIST_KEY_UIMainStoryboardFile = Main;
				INFOPLIST_KEY_UISupportedInterfaceOrientations_iPad = "UIInterfaceOrientationPortrait UIInterfaceOrientationPortraitUpsideDown UIInterfaceOrientationLandscapeLeft UIInterfaceOrientationLandscapeRight";
				INFOPLIST_KEY_UISupportedInterfaceOrientations_iPhone = "UIInterfaceOrientationPortrait UIInterfaceOrientationLandscapeLeft UIInterfaceOrientationLandscapeRight";
				LD_RUNPATH_SEARCH_PATHS = (
					"$(inherited)",
					"@executable_path/Frameworks",
				);
				MARKETING_VERSION = 1.0;
				PRODUCT_BUNDLE_IDENTIFIER = dfgvhbjnkml.ActionsTest;
				PRODUCT_NAME = "$(TARGET_NAME)";
				SWIFT_EMIT_LOC_STRINGS = YES;
				SWIFT_VERSION = 5.0;
				TARGETED_DEVICE_FAMILY = "1,2";
			};
			name = Release;
		};
/* End XCBuildConfiguration section */

/* Begin XCConfigurationList section */
		A5EC82472A80EF660076D702 /* Build configuration list for PBXProject "ActionsTest" */ = {
			isa = XCConfigurationList;
			buildConfigurations = (
				A5EC825E2A80EF670076D702 /* Debug */,
				A5EC825F2A80EF670076D702 /* Release */,
			);
			defaultConfigurationIsVisible = 0;
			defaultConfigurationName = Release;
		};
		A5EC82602A80EF670076D702 /* Build configuration list for PBXNativeTarget "ActionsTest" */ = {
			isa = XCConfigurationList;
			buildConfigurations = (
				A5EC82612A80EF670076D702 /* Debug */,
				A5EC82622A80EF670076D702 /* Release */,
			);
			defaultConfigurationIsVisible = 0;
			defaultConfigurationName = Release;
		};
/* End XCConfigurationList section */
	};
	rootObject = A5EC82442A80EF660076D702 /* Project object */;
}
